
Microsoft Visual Studio Solution File, Format Version 12.00
# Visual Studio 14
VisualStudioVersion = 14.0.25420.1
MinimumVisualStudioVersion = 10.0.40219.1
Project("{FAE04EC0-301F-11D3-BF4B-00C04F79EFBC}") = "BBM", "BBM\BBM.csproj", "{3CF3A77C-961D-4264-89D7-11ED9C05A41B}"
EndProject
Project("{FAE04EC0-301F-11D3-BF4B-00C04F79EFBC}") = "BBM.Business", "BBM.Business\BBM.Business.csproj", "{5FF1B04A-7A00-4513-B665-91CFB873BAB6}"
EndProject
Global
	GlobalSection(SolutionConfigurationPlatforms) = preSolution
		Debug|Any CPU = Debug|Any CPU
		Release|Any CPU = Release|Any CPU
	EndGlobalSection
	GlobalSection(ProjectConfigurationPlatforms) = postSolution
		{3CF3A77C-961D-4264-89D7-11ED9C05A41B}.Debug|Any CPU.ActiveCfg = Debug|Any CPU
		{3CF3A77C-961D-4264-89D7-11ED9C05A41B}.Debug|Any CPU.Build.0 = Debug|Any CPU
		{3CF3A77C-961D-4264-89D7-11ED9C05A41B}.Release|Any CPU.ActiveCfg = Release|Any CPU
		{3CF3A77C-961D-4264-89D7-11ED9C05A41B}.Release|Any CPU.Build.0 = Release|Any CPU
		{5FF1B04A-7A00-4513-B665-91CFB873BAB6}.Debug|Any CPU.ActiveCfg = Debug|Any CPU
		{5FF1B04A-7A00-4513-B665-91CFB873BAB6}.Debug|Any CPU.Build.0 = Debug|Any CPU
		{5FF1B04A-7A00-4513-B665-91CFB873BAB6}.Release|Any CPU.ActiveCfg = Release|Any CPU
		{5FF1B04A-7A00-4513-B665-91CFB873BAB6}.Release|Any CPU.Build.0 = Release|Any CPU
	EndGlobalSection
	GlobalSection(SolutionProperties) = preSolution
		HideSolutionNode = FALSE
	EndGlobalSection
	GlobalSection(ExtensibilityGlobals) = postSolution
		SolutionGuid = {950BD6E6-B474-48EE-9A31-2D52B31E402F}
	EndGlobalSection
EndGlobal
